<?xml version="1.0" encoding="utf-8"?>
<Project ToolsVersion="4.0" xmlns="http://schemas.microsoft.com/developer/msbuild/2003">
  <ItemGroup>
    <ClCompile Include="src\decomp\audio\audio_session_presets_sh.c" />
    <ClCompile Include="src\decomp\audio\data.c" />
    <ClCompile Include="src\decomp\audio\effects.c" />
    <ClCompile Include="src\decomp\audio\external.c" />
    <ClCompile Include="src\decomp\audio\globals_start.c" />
    <ClCompile Include="src\decomp\audio\heap.c" />
    <ClCompile Include="src\decomp\audio\load.c" />
    <ClCompile Include="src\decomp\audio\load_sh.c" />
    <ClCompile Include="src\decomp\audio\playback.c" />
    <ClCompile Include="src\decomp\audio\port_eu.c" />
    <ClCompile Include="src\decomp\audio\port_sh.c" />
    <ClCompile Include="src\decomp\audio\seqplayer.c" />
    <ClCompile Include="src\decomp\audio\shindou_debug_prints.c" />
    <ClCompile Include="src\decomp\audio\synthesis.c" />
    <ClCompile Include="src\decomp\audio\synthesis_sh.c" />
    <ClCompile Include="src\decomp\engine\geo_layout.c" />
    <ClCompile Include="src\decomp\engine\graph_node.c" />
    <ClCompile Include="src\decomp\engine\graph_node_manager.c" />
    <ClCompile Include="src\decomp\engine\guMtxF2L.c" />
    <ClCompile Include="src\decomp\engine\math_util.c" />
    <ClCompile Include="src\decomp\engine\surface_collision.c" />
    <ClCompile Include="src\decomp\game\behavior_actions.c" />
    <ClCompile Include="src\decomp\game\interaction.c" />
    <ClCompile Include="src\decomp\game\mario.c" />
    <ClCompile Include="src\decomp\game\mario_actions_airborne.c" />
    <ClCompile Include="src\decomp\game\mario_actions_automatic.c" />
    <ClCompile Include="src\decomp\game\mario_actions_cutscene.c" />
    <ClCompile Include="src\decomp\game\mario_actions_moving.c" />
    <ClCompile Include="src\decomp\game\mario_actions_object.c" />
    <ClCompile Include="src\decomp\game\mario_actions_stationary.c" />
    <ClCompile Include="src\decomp\game\mario_actions_submerged.c" />
    <ClCompile Include="src\decomp\game\mario_misc.c" />
    <ClCompile Include="src\decomp\game\mario_step.c" />
    <ClCompile Include="src\decomp\game\object_stuff.c" />
    <ClCompile Include="src\decomp\game\platform_displacement.c" />
    <ClCompile Include="src\decomp\game\rendering_graph_node.c" />
    <ClCompile Include="src\decomp\mario\geo.inc.c" />
    <ClCompile Include="src\decomp\mario\model.inc.c" />
    <ClCompile Include="src\decomp\pc\audio\audio_wasapi.cpp" />
    <ClCompile Include="src\decomp\pc\alBnkfNew.c" />
    <ClCompile Include="src\decomp\pc\mixer.c" />
    <ClCompile Include="src\decomp\pc\ultra_reimplementation.c" />
    <ClCompile Include="src\decomp\tools\libmio0.c" />
    <ClCompile Include="src\decomp\tools\n64graphics.c" />
    <ClCompile Include="src\decomp\tools\utils.c" />
    <ClCompile Include="src\decomp\global_state.c" />
    <ClCompile Include="src\decomp\memory.c" />
    <ClCompile Include="src\debug_print.c" />
    <ClCompile Include="src\gfx_adapter.c" />
    <ClCompile Include="src\interpolation.c" />
    <ClCompile Include="src\libsm64.c" />
    <ClCompile Include="src\load_anim_data.c" />
    <ClCompile Include="src\load_surfaces.c" />
    <ClCompile Include="src\load_tex_data.c" />
    <ClCompile Include="src\obj_pool.c" />
  </ItemGroup>
  <ItemGroup>
    <ClInclude Include="src\decomp\audio\data.h" />
    <ClInclude Include="src\decomp\audio\effects.h" />
    <ClInclude Include="src\decomp\audio\external.h" />
    <ClInclude Include="src\decomp\audio\heap.h" />
    <ClInclude Include="src\decomp\audio\internal.h" />
    <ClInclude Include="src\decomp\audio\load.h" />
    <ClInclude Include="src\decomp\audio\playback.h" />
    <ClInclude Include="src\decomp\audio\seqplayer.h" />
    <ClInclude Include="src\decomp\audio\synthesis.h" />
    <ClInclude Include="src\decomp\engine\geo_layout.h" />
    <ClInclude Include="src\decomp\engine\graph_node.h" />
    <ClInclude Include="src\decomp\engine\guMtxF2L.h" />
    <ClInclude Include="src\decomp\engine\math_util.h" />
    <ClInclude Include="src\decomp\engine\surface_collision.h" />
    <ClInclude Include="src\decomp\game\area.h" />
    <ClInclude Include="src\decomp\game\behavior_actions.h" />
    <ClInclude Include="src\decomp\game\camera.h" />
    <ClInclude Include="src\decomp\game\interaction.h" />
    <ClInclude Include="src\decomp\game\level_update.h" />
    <ClInclude Include="src\decomp\game\mario.h" />
    <ClInclude Include="src\decomp\game\mario_actions_airborne.h" />
    <ClInclude Include="src\decomp\game\mario_actions_automatic.h" />
    <ClInclude Include="src\decomp\game\mario_actions_cutscene.h" />
    <ClInclude Include="src\decomp\game\mario_actions_moving.h" />
    <ClInclude Include="src\decomp\game\mario_actions_object.h" />
    <ClInclude Include="src\decomp\game\mario_actions_stationary.h" />
    <ClInclude Include="src\decomp\game\mario_actions_submerged.h" />
    <ClInclude Include="src\decomp\game\mario_misc.h" />
    <ClInclude Include="src\decomp\game\mario_step.h" />
    <ClInclude Include="src\decomp\game\object_stuff.h" />
    <ClInclude Include="src\decomp\game\platform_displacement.h" />
    <ClInclude Include="src\decomp\game\rendering_graph_node.h" />
    <ClInclude Include="src\decomp\game\save_file.h" />
    <ClInclude Include="src\decomp\include\PR\abi.h" />
    <ClInclude Include="src\decomp\include\PR\gbi.h" />
    <ClInclude Include="src\decomp\include\PR\libaudio.h" />
    <ClInclude Include="src\decomp\include\PR\os_cont.h" />
    <ClInclude Include="src\decomp\include\PR\os_message.h" />
    <ClInclude Include="src\decomp\include\PR\os_pi.h" />
    <ClInclude Include="src\decomp\include\PR\os_thread.h" />
    <ClInclude Include="src\decomp\include\PR\os_time.h" />
    <ClInclude Include="src\decomp\include\PR\os_vi.h" />
    <ClInclude Include="src\decomp\include\PR\ultratypes.h" />
    <ClInclude Include="src\decomp\include\audio_defines.h" />
    <ClInclude Include="src\decomp\include\command_macros_base.h" />
    <ClInclude Include="src\decomp\include\geo_commands.h" />
    <ClInclude Include="src\decomp\include\level_misc_macros.h" />
    <ClInclude Include="src\decomp\include\macros.h" />
    <ClInclude Include="src\decomp\include\mario_animation_ids.h" />
    <ClInclude Include="src\decomp\include\mario_geo_switch_case_ids.h" />
    <ClInclude Include="src\decomp\include\object_fields.h" />
    <ClInclude Include="src\decomp\include\platform_info.h" />
    <ClInclude Include="src\decomp\include\seq_ids.h" />
    <ClInclude Include="src\decomp\include\sm64.h" />
    <ClInclude Include="src\decomp\include\special_preset_names.h" />
    <ClInclude Include="src\decomp\include\surface_terrains.h" />
    <ClInclude Include="src\decomp\include\types.h" />
    <ClInclude Include="src\decomp\include\ultra64.h" />
    <ClInclude Include="src\decomp\mario\geo.inc.h" />
    <ClInclude Include="src\decomp\mario\model.inc.h" />
    <ClInclude Include="src\decomp\pc\audio\audio_api.h" />
    <ClInclude Include="src\decomp\pc\audio\audio_wasapi.h" />
    <ClInclude Include="src\decomp\pc\compat.h" />
    <ClInclude Include="src\decomp\pc\libaudio_internal.h" />
    <ClInclude Include="src\decomp\pc\libultra_internal.h" />
    <ClInclude Include="src\decomp\pc\mixer.h" />
    <ClInclude Include="src\decomp\tools\stb\stb_image.h" />
    <ClInclude Include="src\decomp\tools\stb\stb_image_write.h" />
    <ClInclude Include="src\decomp\tools\libmio0.h" />
    <ClInclude Include="src\decomp\tools\n64graphics.h" />
    <ClInclude Include="src\decomp\tools\utils.h" />
    <ClInclude Include="src\decomp\global_state.h" />
    <ClInclude Include="src\decomp\memory.h" />
    <ClInclude Include="src\decomp\shim.h" />
    <ClInclude Include="src\debug_print.h" />
    <ClInclude Include="src\gfx_adapter.h" />
    <ClInclude Include="src\gfx_adapter_commands.h" />
    <ClInclude Include="src\gfx_macros.h" />
    <ClInclude Include="src\interpolation.h" />
    <ClInclude Include="src\libsm64.h" />
    <ClInclude Include="src\load_anim_data.h" />
    <ClInclude Include="src\load_surfaces.h" />
    <ClInclude Include="src\load_tex_data.h" />
    <ClInclude Include="src\obj_pool.h" />
  </ItemGroup>
</Project>