<?xml version="1.0" encoding="utf-8"?>
<Project ToolsVersion="4.0" xmlns="http://schemas.microsoft.com/developer/msbuild/2003">
  <ItemGroup>
    <ClCompile Include="Pch.cpp" />
    <ClCompile Include="DllMain.cpp" />
    <ClCompile Include="Mod.cpp" />
    <ClCompile Include="Mario.cpp" />
    <ClCompile Include="Collision.cpp" />
    <ClCompile Include="SM64.cpp" />
    <ClCompile Include="Database.cpp" />
    <ClCompile Include="Audio.cpp" />
    <ClCompile Include="Util.cpp" />
    <ClCompile Include="Rom.cpp" />
    <ClCompile Include="..\..\Dependencies\DllMods\Dependencies\xxHash\xxhash.c">
      <Filter>Dependencies</Filter>
    </ClCompile>
  </ItemGroup>
  <ItemGroup>
    <ClInclude Include="Pch.h" />
    <ClInclude Include="Mod.h" />
    <ClInclude Include="Util.h" />
    <ClInclude Include="EndianSwap.h" />
  </ItemGroup>
  <ItemGroup>
    <Filter Include="Dependencies">
      <UniqueIdentifier>{e96d3b9f-d20c-4117-9a80-abbd159c83ca}</UniqueIdentifier>
    </Filter>
  </ItemGroup>
</Project>