<?xml version="1.0" encoding="utf-8"?>
<Project ToolsVersion="4.0" xmlns="http://schemas.microsoft.com/developer/msbuild/2003">
  <ItemGroup>
    <ClCompile Include="Pch.cpp" />
    <ClCompile Include="DllMain.cpp" />
    <ClCompile Include="Mod.cpp" />
    <ClCompile Include="Mario.cpp" />
    <ClCompile Include="Collision.cpp" />
    <ClCompile Include="SM64.cpp" />
    <ClCompile Include="Database.cpp" />
    <ClCompile Include="Audio.cpp" />
    <ClCompile Include="Util.cpp" />
  </ItemGroup>
  <ItemGroup>
    <ClInclude Include="Pch.h" />
    <ClInclude Include="Mod.h" />
    <ClInclude Include="Util.h" />
    <ClInclude Include="EndianSwap.h" />
  </ItemGroup>
</Project>